PODS:
  - Ham (0.2.18):
    - Ham/Module (= 0.2.18)
  - Ham/H5 (0.2.18):
    - Ham/iOS
  - Ham/iOS (0.2.18):
    - Ham/Module
  - Ham/Module (0.2.18)
  - Ham/Render (0.2.18):
    - Ham/Module

DEPENDENCIES:
  - Ham (from `../`)
  - Ham/H5 (from `../`)
  - Ham/iOS (from `../`)
  - Ham/Render (from `../`)

EXTERNAL SOURCES:
  Ham:
    :path: "../"

SPEC CHECKSUMS:
  Ham: 950d5f94d2b763c18ac9f847fa1c2db5dd4807d9

PODFILE CHECKSUM: d6eb29a51fb529a2312d344a91d4fb37658e6216

COCOAPODS: 1.9.1
