PODS:
  - Ham (0.2.24):
    - Ham/Module (= 0.2.24)
  - Ham/H5 (0.2.24):
    - Ham/iOS
  - Ham/iOS (0.2.24):
    - Ham/Module
  - Ham/Module (0.2.24)
  - Ham/Render (0.2.24):
    - Ham/Module

DEPENDENCIES:
  - Ham (from `../`)
  - Ham/H5 (from `../`)
  - Ham/iOS (from `../`)
  - Ham/Render (from `../`)

EXTERNAL SOURCES:
  Ham:
    :path: "../"

SPEC CHECKSUMS:
  Ham: 433d15000fc59dc2ff9b24c854893a46b265bdf1

PODFILE CHECKSUM: 358a1173f3cd1d1eed163c2e3c0798d31bd17260

COCOAPODS: 1.9.1
